GEM
  remote: http://rubygems.org/
  specs:
    addressable (2.3.8)
    domain_name (0.5.24)
      unf (>= 0.0.5, < 1.0.0)
    http-cookie (1.0.2)
      domain_name (~> 0.5)
    httparty (0.13.3)
      json (~> 1.8)
      multi_xml (>= 0.5.2)
    json (1.8.2)
    mime-types (2.5)
    multi_xml (0.5.5)
    netrc (0.10.3)
    rest-client (1.8.0)
      http-cookie (>= 1.0.2, < 2.0)
      mime-types (>= 1.16, < 3.0)
      netrc (~> 0.7)
    sendgrid-ruby (0.0.3)
      rest-client
      smtpapi
    smtpapi (0.1.0)
    unf (0.1.4)
      unf_ext
    unf_ext (0.0.7.1)
    wunderground (1.2.0)
      addressable
      httparty (> 0.6.0)
      json (> 1.4.0)

PLATFORMS
  ruby

DEPENDENCIES
  sendgrid-ruby
  wunderground
